
Microsoft Visual Studio Solution File, Format Version 12.00
# Visual Studio Version 17
VisualStudioVersion = 17.10.35027.167
MinimumVisualStudioVersion = 10.0.40219.1
Project("{9A19103F-16F7-4668-BE54-9A1E7A4F7556}") = "Angular_Test.API", "Angular_Test.API\Angular_Test.API.csproj", "{D9F872E2-43F2-4B4E-AB6E-6E1ADA96D81E}"
EndProject
Project("{FAE04EC0-301F-11D3-BF4B-00C04F79EFBC}") = "Entities", "Entities\Entities.csproj", "{7B3A90E5-F948-4755-BD79-588DC31049AD}"
EndProject
Global
	GlobalSection(SolutionConfigurationPlatforms) = preSolution
		Debug|Any CPU = Debug|Any CPU
		Release|Any CPU = Release|Any CPU
	EndGlobalSection
	GlobalSection(ProjectConfigurationPlatforms) = postSolution
		{D9F872E2-43F2-4B4E-AB6E-6E1ADA96D81E}.Debug|Any CPU.ActiveCfg = Debug|Any CPU
		{D9F872E2-43F2-4B4E-AB6E-6E1ADA96D81E}.Debug|Any CPU.Build.0 = Debug|Any CPU
		{D9F872E2-43F2-4B4E-AB6E-6E1ADA96D81E}.Release|Any CPU.ActiveCfg = Release|Any CPU
		{D9F872E2-43F2-4B4E-AB6E-6E1ADA96D81E}.Release|Any CPU.Build.0 = Release|Any CPU
		{7B3A90E5-F948-4755-BD79-588DC31049AD}.Debug|Any CPU.ActiveCfg = Debug|Any CPU
		{7B3A90E5-F948-4755-BD79-588DC31049AD}.Debug|Any CPU.Build.0 = Debug|Any CPU
		{7B3A90E5-F948-4755-BD79-588DC31049AD}.Release|Any CPU.ActiveCfg = Release|Any CPU
		{7B3A90E5-F948-4755-BD79-588DC31049AD}.Release|Any CPU.Build.0 = Release|Any CPU
	EndGlobalSection
	GlobalSection(SolutionProperties) = preSolution
		HideSolutionNode = FALSE
	EndGlobalSection
	GlobalSection(ExtensibilityGlobals) = postSolution
		SolutionGuid = {F8205493-C7C7-4FF0-94FF-B504EF3D79D6}
	EndGlobalSection
EndGlobal
